name: Update bun.lock
on:
  pull_request:
    branches: [master]

permissions:
  contents: write

jobs:
  bun-lock:
    runs-on: ubuntu-latest

    steps:
      - uses: actions/checkout@v5
        with: 
          ref: ${{ github.head_ref }}
          persist-credentials: false
          token: ${{ secrets.GH_PAT }}

      - name: Setup Bun
        uses: oven-sh/setup-bun@v2

      - name: Install deps (regenerates bun.lock)
        run: bun install

      - name: Commit bun.lock if changed
        run: |
          git config user.name "github-actions"
          git config user.email "github-actions@github.com"
          git remote set-url origin https://x-access-token:${{ secrets.GH_PAT }}@github.com/${{ github.repository }}.git
          git add bun.lock
          git diff --cached --quiet || {
          git commit -m "chore: update bun.lock"
          git push origin HEAD:${{ github.head_ref }}
          }
